PODS:
  - Alamofire (4.9.1)
  - ObjectMapper (4.2.0)

DEPENDENCIES:
  - Alamofire (~> 4.2)
  - ObjectMapper

SPEC REPOS:
  trunk:
    - Alamofire
    - ObjectMapper

SPEC CHECKSUMS:
  Alamofire: 85e8a02c69d6020a0d734f6054870d7ecb75cf18
  ObjectMapper: 1eb41f610210777375fa806bf161dc39fb832b81

PODFILE CHECKSUM: a8f7c8c5a3e4c21226ae03bd35a0b575022cea0f

COCOAPODS: 1.10.1
